
Microsoft Visual Studio Solution File, Format Version 12.00
# Visual Studio Version 16
VisualStudioVersion = 16.0.31229.75
MinimumVisualStudioVersion = 10.0.40219.1
Project("{FAE04EC0-301F-11D3-BF4B-00C04F79EFBC}") = "lab_1", "lab_1\lab_1.csproj", "{CC4F8A79-F706-46B5-8B6C-C36E3100E559}"
EndProject
Global
	GlobalSection(SolutionConfigurationPlatforms) = preSolution
		Debug|Any CPU = Debug|Any CPU
		Release|Any CPU = Release|Any CPU
	EndGlobalSection
	GlobalSection(ProjectConfigurationPlatforms) = postSolution
		{CC4F8A79-F706-46B5-8B6C-C36E3100E559}.Debug|Any CPU.ActiveCfg = Debug|Any CPU
		{CC4F8A79-F706-46B5-8B6C-C36E3100E559}.Debug|Any CPU.Build.0 = Debug|Any CPU
		{CC4F8A79-F706-46B5-8B6C-C36E3100E559}.Release|Any CPU.ActiveCfg = Release|Any CPU
		{CC4F8A79-F706-46B5-8B6C-C36E3100E559}.Release|Any CPU.Build.0 = Release|Any CPU
	EndGlobalSection
	GlobalSection(SolutionProperties) = preSolution
		HideSolutionNode = FALSE
	EndGlobalSection
	GlobalSection(ExtensibilityGlobals) = postSolution
		SolutionGuid = {8801A596-0C71-4B2F-BAE6-D752BB854065}
	EndGlobalSection
EndGlobal
